
Microsoft Visual Studio Solution File, Format Version 12.00
# Visual Studio Version 17
VisualStudioVersion = 17.7.34221.43
MinimumVisualStudioVersion = 10.0.40219.1
Project("{FAE04EC0-301F-11D3-BF4B-00C04F79EFBC}") = "Assignment17", "Assignment17\Assignment17.csproj", "{D136B1CC-5B4B-4531-9A85-E1A080008602}"
EndProject
Global
	GlobalSection(SolutionConfigurationPlatforms) = preSolution
		Debug|Any CPU = Debug|Any CPU
		Release|Any CPU = Release|Any CPU
	EndGlobalSection
	GlobalSection(ProjectConfigurationPlatforms) = postSolution
		{D136B1CC-5B4B-4531-9A85-E1A080008602}.Debug|Any CPU.ActiveCfg = Debug|Any CPU
		{D136B1CC-5B4B-4531-9A85-E1A080008602}.Debug|Any CPU.Build.0 = Debug|Any CPU
		{D136B1CC-5B4B-4531-9A85-E1A080008602}.Release|Any CPU.ActiveCfg = Release|Any CPU
		{D136B1CC-5B4B-4531-9A85-E1A080008602}.Release|Any CPU.Build.0 = Release|Any CPU
	EndGlobalSection
	GlobalSection(SolutionProperties) = preSolution
		HideSolutionNode = FALSE
	EndGlobalSection
	GlobalSection(ExtensibilityGlobals) = postSolution
		SolutionGuid = {84AFFC2F-1CFF-4A81-B1C7-642556B1B79B}
	EndGlobalSection
EndGlobal
